
Microsoft Visual Studio Solution File, Format Version 12.00
# Visual Studio Version 16
VisualStudioVersion = 16.0.29326.143
MinimumVisualStudioVersion = 10.0.40219.1
Project("{2150E333-8FDC-42A3-9474-1A3956D46DE8}") = "CommonLib", "CommonLib", "{C8058F54-BCE0-428C-B76B-CBE1C367B06E}"
EndProject
Project("{FAE04EC0-301F-11D3-BF4B-00C04F79EFBC}") = "NetLib", "CommonLib\NetLib\NetLib.csproj", "{24487088-33AB-46D9-A30D-C866A8F6F464}"
EndProject
Project("{FAE04EC0-301F-11D3-BF4B-00C04F79EFBC}") = "UtilLib", "CommonLib\UtilLib\UtilLib.csproj", "{377BA666-E71C-4B06-AACB-11318AD20AD3}"
EndProject
Project("{FAE04EC0-301F-11D3-BF4B-00C04F79EFBC}") = "DBLib", "CommonLib\DBLib\DBLib\DBLib.csproj", "{6FEEC144-9C6F-43C2-9E91-B54CC687ABFC}"
EndProject
Project("{FAE04EC0-301F-11D3-BF4B-00C04F79EFBC}") = "EntityService", "CommonLib\EntityService\EntityService.csproj", "{7A31C83D-CEBC-443B-BB3C-B00AD6984EAB}"
EndProject
Project("{2150E333-8FDC-42A3-9474-1A3956D46DE8}") = "Executable", "Executable", "{F1EEB6B1-8870-4714-A21B-BF8C263B3A92}"
EndProject
Project("{FAE04EC0-301F-11D3-BF4B-00C04F79EFBC}") = "TestClient", "Executable\TestClient\TestClient.csproj", "{7BC899ED-C74C-4B71-BC51-BDEF76B6D007}"
EndProject
Project("{FAE04EC0-301F-11D3-BF4B-00C04F79EFBC}") = "LobbyServer", "Executable\LobbyServer\LobbyServer.csproj", "{7FD78C07-9853-4A7C-B22B-248343F436BB}"
EndProject
Project("{FAE04EC0-301F-11D3-BF4B-00C04F79EFBC}") = "SyncServer", "Executable\SyncServer\SyncServer.csproj", "{1461EEF6-866C-4C5B-A6E6-2F116D1840CE}"
EndProject
Project("{2150E333-8FDC-42A3-9474-1A3956D46DE8}") = "CommonLib_Server", "CommonLib_Server", "{F6C33ACA-FD19-4FD1-8FFC-7012A480950E}"
EndProject
Project("{FAE04EC0-301F-11D3-BF4B-00C04F79EFBC}") = "ServerUtilLib", "CommonLib_Server\ServerUtilLib\ServerUtilLib.csproj", "{18735262-F3F7-4457-B5D7-8E50802247EE}"
EndProject
Project("{FAE04EC0-301F-11D3-BF4B-00C04F79EFBC}") = "GameDataLib", "CommonLib_Server\GameDataLib\GameDataLib.csproj", "{178B42AB-A4B8-452F-817B-6664A0F79239}"
EndProject
Global
	GlobalSection(SolutionConfigurationPlatforms) = preSolution
		Debug|Any CPU = Debug|Any CPU
		Release|Any CPU = Release|Any CPU
	EndGlobalSection
	GlobalSection(ProjectConfigurationPlatforms) = postSolution
		{24487088-33AB-46D9-A30D-C866A8F6F464}.Debug|Any CPU.ActiveCfg = Debug|Any CPU
		{24487088-33AB-46D9-A30D-C866A8F6F464}.Debug|Any CPU.Build.0 = Debug|Any CPU
		{24487088-33AB-46D9-A30D-C866A8F6F464}.Release|Any CPU.ActiveCfg = Release|Any CPU
		{24487088-33AB-46D9-A30D-C866A8F6F464}.Release|Any CPU.Build.0 = Release|Any CPU
		{377BA666-E71C-4B06-AACB-11318AD20AD3}.Debug|Any CPU.ActiveCfg = Debug|Any CPU
		{377BA666-E71C-4B06-AACB-11318AD20AD3}.Debug|Any CPU.Build.0 = Debug|Any CPU
		{377BA666-E71C-4B06-AACB-11318AD20AD3}.Release|Any CPU.ActiveCfg = Release|Any CPU
		{377BA666-E71C-4B06-AACB-11318AD20AD3}.Release|Any CPU.Build.0 = Release|Any CPU
		{6FEEC144-9C6F-43C2-9E91-B54CC687ABFC}.Debug|Any CPU.ActiveCfg = Debug|Any CPU
		{6FEEC144-9C6F-43C2-9E91-B54CC687ABFC}.Debug|Any CPU.Build.0 = Debug|Any CPU
		{6FEEC144-9C6F-43C2-9E91-B54CC687ABFC}.Release|Any CPU.ActiveCfg = Release|Any CPU
		{6FEEC144-9C6F-43C2-9E91-B54CC687ABFC}.Release|Any CPU.Build.0 = Release|Any CPU
		{7A31C83D-CEBC-443B-BB3C-B00AD6984EAB}.Debug|Any CPU.ActiveCfg = Debug|Any CPU
		{7A31C83D-CEBC-443B-BB3C-B00AD6984EAB}.Debug|Any CPU.Build.0 = Debug|Any CPU
		{7A31C83D-CEBC-443B-BB3C-B00AD6984EAB}.Release|Any CPU.ActiveCfg = Release|Any CPU
		{7A31C83D-CEBC-443B-BB3C-B00AD6984EAB}.Release|Any CPU.Build.0 = Release|Any CPU
		{7BC899ED-C74C-4B71-BC51-BDEF76B6D007}.Debug|Any CPU.ActiveCfg = Debug|Any CPU
		{7BC899ED-C74C-4B71-BC51-BDEF76B6D007}.Debug|Any CPU.Build.0 = Debug|Any CPU
		{7BC899ED-C74C-4B71-BC51-BDEF76B6D007}.Release|Any CPU.ActiveCfg = Release|Any CPU
		{7BC899ED-C74C-4B71-BC51-BDEF76B6D007}.Release|Any CPU.Build.0 = Release|Any CPU
		{7FD78C07-9853-4A7C-B22B-248343F436BB}.Debug|Any CPU.ActiveCfg = Debug|Any CPU
		{7FD78C07-9853-4A7C-B22B-248343F436BB}.Debug|Any CPU.Build.0 = Debug|Any CPU
		{7FD78C07-9853-4A7C-B22B-248343F436BB}.Release|Any CPU.ActiveCfg = Release|Any CPU
		{7FD78C07-9853-4A7C-B22B-248343F436BB}.Release|Any CPU.Build.0 = Release|Any CPU
		{1461EEF6-866C-4C5B-A6E6-2F116D1840CE}.Debug|Any CPU.ActiveCfg = Debug|Any CPU
		{1461EEF6-866C-4C5B-A6E6-2F116D1840CE}.Debug|Any CPU.Build.0 = Debug|Any CPU
		{1461EEF6-866C-4C5B-A6E6-2F116D1840CE}.Release|Any CPU.ActiveCfg = Release|Any CPU
		{1461EEF6-866C-4C5B-A6E6-2F116D1840CE}.Release|Any CPU.Build.0 = Release|Any CPU
		{18735262-F3F7-4457-B5D7-8E50802247EE}.Debug|Any CPU.ActiveCfg = Debug|Any CPU
		{18735262-F3F7-4457-B5D7-8E50802247EE}.Debug|Any CPU.Build.0 = Debug|Any CPU
		{18735262-F3F7-4457-B5D7-8E50802247EE}.Release|Any CPU.ActiveCfg = Release|Any CPU
		{18735262-F3F7-4457-B5D7-8E50802247EE}.Release|Any CPU.Build.0 = Release|Any CPU
		{178B42AB-A4B8-452F-817B-6664A0F79239}.Debug|Any CPU.ActiveCfg = Debug|Any CPU
		{178B42AB-A4B8-452F-817B-6664A0F79239}.Debug|Any CPU.Build.0 = Debug|Any CPU
		{178B42AB-A4B8-452F-817B-6664A0F79239}.Release|Any CPU.ActiveCfg = Release|Any CPU
		{178B42AB-A4B8-452F-817B-6664A0F79239}.Release|Any CPU.Build.0 = Release|Any CPU
	EndGlobalSection
	GlobalSection(SolutionProperties) = preSolution
		HideSolutionNode = FALSE
	EndGlobalSection
	GlobalSection(NestedProjects) = preSolution
		{24487088-33AB-46D9-A30D-C866A8F6F464} = {C8058F54-BCE0-428C-B76B-CBE1C367B06E}
		{377BA666-E71C-4B06-AACB-11318AD20AD3} = {C8058F54-BCE0-428C-B76B-CBE1C367B06E}
		{6FEEC144-9C6F-43C2-9E91-B54CC687ABFC} = {C8058F54-BCE0-428C-B76B-CBE1C367B06E}
		{7A31C83D-CEBC-443B-BB3C-B00AD6984EAB} = {C8058F54-BCE0-428C-B76B-CBE1C367B06E}
		{7BC899ED-C74C-4B71-BC51-BDEF76B6D007} = {F1EEB6B1-8870-4714-A21B-BF8C263B3A92}
		{7FD78C07-9853-4A7C-B22B-248343F436BB} = {F1EEB6B1-8870-4714-A21B-BF8C263B3A92}
		{1461EEF6-866C-4C5B-A6E6-2F116D1840CE} = {F1EEB6B1-8870-4714-A21B-BF8C263B3A92}
		{18735262-F3F7-4457-B5D7-8E50802247EE} = {F6C33ACA-FD19-4FD1-8FFC-7012A480950E}
		{178B42AB-A4B8-452F-817B-6664A0F79239} = {F6C33ACA-FD19-4FD1-8FFC-7012A480950E}
	EndGlobalSection
	GlobalSection(ExtensibilityGlobals) = postSolution
		SolutionGuid = {90024854-7944-4BB9-8BF7-E989424354F7}
	EndGlobalSection
EndGlobal
